dependencies:
  idf:
    source:
      type: idf
    version: 5.5.0
  lvgl/lvgl:
    component_hash: b702d642e03e95928046d5c6726558e6444e112420c77efa5fdb6650b0a13c5d
    dependencies: []
    source:
      registry_url: https://components.espressif.com/
      type: service
    version: 9.3.0
direct_dependencies:
- lvgl/lvgl
manifest_hash: 5a52e836a50322797e763f3d696ec0bb80338f8946f19a0e11b7789995b01df9
target: esp32p4
version: 2.0.0
